
Microsoft Visual Studio Solution File, Format Version 12.00
# Visual Studio Version 17
VisualStudioVersion = 17.9.34607.119
MinimumVisualStudioVersion = 10.0.40219.1
Project("{FAE04EC0-301F-11D3-BF4B-00C04F79EFBC}") = "AlicanApi", "AlicanApi\AlicanApi.csproj", "{C87DD526-1052-4F48-9DCA-B074596382D1}"
EndProject
Global
	GlobalSection(SolutionConfigurationPlatforms) = preSolution
		Debug|Any CPU = Debug|Any CPU
		Release|Any CPU = Release|Any CPU
	EndGlobalSection
	GlobalSection(ProjectConfigurationPlatforms) = postSolution
		{C87DD526-1052-4F48-9DCA-B074596382D1}.Debug|Any CPU.ActiveCfg = Debug|Any CPU
		{C87DD526-1052-4F48-9DCA-B074596382D1}.Debug|Any CPU.Build.0 = Debug|Any CPU
		{C87DD526-1052-4F48-9DCA-B074596382D1}.Release|Any CPU.ActiveCfg = Release|Any CPU
		{C87DD526-1052-4F48-9DCA-B074596382D1}.Release|Any CPU.Build.0 = Release|Any CPU
	EndGlobalSection
	GlobalSection(SolutionProperties) = preSolution
		HideSolutionNode = FALSE
	EndGlobalSection
	GlobalSection(ExtensibilityGlobals) = postSolution
		SolutionGuid = {4C87929A-116F-4E45-ACB5-AD9BAAFA8726}
	EndGlobalSection
EndGlobal
